{
    "_readme": [
        "This file locks the dependencies of your project to a known state",
        "Read more about it at https://getcomposer.org/doc/01-basic-usage.md#installing-dependencies",
        "This file is @generated automatically"
    ],
    "content-hash": "49267a828842855537785d1da22f04d8",
    "packages": [
        {
            "name": "delfimov/translate",
            "version": "dev-master",
            "source": {
                "type": "git",
                "url": "https://github.com/delfimov/Translate.git",
                "reference": "e19be4981767cecad59c07a193fe7b1f5c69dc24"
            },
            "dist": {
                "type": "zip",
                "url": "https://api.github.com/repos/delfimov/Translate/zipball/e19be4981767cecad59c07a193fe7b1f5c69dc24",
                "reference": "e19be4981767cecad59c07a193fe7b1f5c69dc24",
                "shasum": ""
            },
            "require": {
                "php": ">=5.6.0"
            },
            "require-dev": {
                "phpdocumentor/phpdocumentor": "2.*",
                "phpunit/phpunit": "5.*",
                "psr/log": "1.0.*",
                "satooshi/php-coveralls": "^1.0",
                "scrutinizer/ocular": "~1.3",
                "squizlabs/php_codesniffer": "3.*"
            },
            "suggest": {
                "monolog/monolog": "@stable"
            },
            "type": "library",
            "autoload": {
                "psr-4": {
                    "DElfimov\\Translate\\": "./src"
                }
            },
            "notification-url": "https://packagist.org/downloads/",
            "license": [
                "MIT"
            ],
            "authors": [
                {
                    "name": "Dmitry Elfimov",
                    "email": "elfimov@gmail.com"
                }
            ],
            "description": "Easy to use i18n translation PHP class for multi-language websites",
            "homepage": "https://github.com/delfimov/Translate/",
            "keywords": [
                "i18n",
                "language",
                "multi-language",
                "plural",
                "translate"
            ],
            "time": "2019-02-13T12:53:36+00:00"
        },
        {
            "name": "josantonius/cookie",
            "version": "dev-master",
            "source": {
                "type": "git",
                "url": "https://github.com/Josantonius/PHP-Cookie.git",
                "reference": "8cf9e16fb7d10e083224eebbc609d9ed1d89b4f5"
            },
            "dist": {
                "type": "zip",
                "url": "https://api.github.com/repos/Josantonius/PHP-Cookie/zipball/8cf9e16fb7d10e083224eebbc609d9ed1d89b4f5",
                "reference": "8cf9e16fb7d10e083224eebbc609d9ed1d89b4f5",
                "shasum": ""
            },
            "require": {
                "php": "^5.6 || ^7.0"
            },
            "require-dev": {
                "friendsofphp/php-cs-fixer": "^2.3 || ^2.8",
                "phpmd/phpmd": "^2.6",
                "phpunit/phpunit": "^5.7 || ^6.0",
                "squizlabs/php_codesniffer": "^3.0"
            },
            "type": "library",
            "extra": {
                "branch-alias": {
                    "dev-master": "1.0-dev"
                }
            },
            "autoload": {
                "psr-4": {
                    "Josantonius\\Cookie\\": "src/"
                }
            },
            "notification-url": "https://packagist.org/downloads/",
            "license": [
                "MIT"
            ],
            "authors": [
                {
                    "name": "Josantonius",
                    "email": "hello@josantonius.com",
                    "homepage": "https://josantonius.com",
                    "role": "Developer"
                }
            ],
            "description": "PHP library for handling cookies.",
            "keywords": [
                "cookies",
                "hhvm",
                "php"
            ],
            "time": "2018-01-06T01:21:37+00:00"
        }
    ],
    "packages-dev": [
        {
            "name": "crazycodr/standard-exceptions",
            "version": "dev-master",
            "source": {
                "type": "git",
                "url": "https://github.com/crazycodr/standard-exceptions.git",
                "reference": "e1c0dd5cfe85a3f7bfc23bf7e8917bbe43c97ca7"
            },
            "dist": {
                "type": "zip",
                "url": "https://api.github.com/repos/crazycodr/standard-exceptions/zipball/e1c0dd5cfe85a3f7bfc23bf7e8917bbe43c97ca7",
                "reference": "e1c0dd5cfe85a3f7bfc23bf7e8917bbe43c97ca7",
                "shasum": ""
            },
            "require-dev": {
                "friendsofphp/php-cs-fixer": "^2.11",
                "phpunit/phpunit": "^7.1"
            },
            "type": "library",
            "autoload": {
                "psr-4": {
                    "Exceptions\\": "Exceptions/",
                    "Exceptions\\Helpers\\": "Helpers/"
                }
            },
            "notification-url": "https://packagist.org/downloads/",
            "license": [
                "MIT"
            ],
            "authors": [
                {
                    "name": "Mathieu Dumoulin",
                    "email": "thecrazycodr@gmail.com",
                    "role": "Developer"
                }
            ],
            "description": "This project is aimed at providing additional standard exceptions to php. Many exceptions that are missing from the SPL are constantly being reproduced in different projects. By providing a package of high-quality, well organised exceptions, it will, in the long run, increase interoperability between projects.",
            "time": "2018-08-16T12:57:52+00:00"
        }
    ],
    "aliases": [],
    "minimum-stability": "stable",
    "stability-flags": {
        "delfimov/translate": 20,
        "josantonius/cookie": 20,
        "crazycodr/standard-exceptions": 20
    },
    "prefer-stable": false,
    "prefer-lowest": false,
    "platform": [],
    "platform-dev": []
}
